
Microsoft Visual Studio Solution File, Format Version 9.00
# Visual Studio 2005
Project("{FAE04EC0-301F-11D3-BF4B-00C04F79EFBC}") = "3DRender2003", "3DRender2003\3DRender2003.csproj", "{694BED3E-E571-4A33-8E6D-9C5843DB385D}"
EndProject
Global
	GlobalSection(SolutionConfigurationPlatforms) = preSolution
		Debug|Any CPU = Debug|Any CPU
		Release|Any CPU = Release|Any CPU
	EndGlobalSection
	GlobalSection(ProjectConfigurationPlatforms) = postSolution
		{694BED3E-E571-4A33-8E6D-9C5843DB385D}.Debug|Any CPU.ActiveCfg = Debug|Any CPU
		{694BED3E-E571-4A33-8E6D-9C5843DB385D}.Debug|Any CPU.Build.0 = Debug|Any CPU
		{694BED3E-E571-4A33-8E6D-9C5843DB385D}.Debug|Any CPU.Deploy.0 = Debug|Any CPU
		{694BED3E-E571-4A33-8E6D-9C5843DB385D}.Release|Any CPU.ActiveCfg = Release|Any CPU
		{694BED3E-E571-4A33-8E6D-9C5843DB385D}.Release|Any CPU.Build.0 = Release|Any CPU
		{694BED3E-E571-4A33-8E6D-9C5843DB385D}.Release|Any CPU.Deploy.0 = Release|Any CPU
	EndGlobalSection
	GlobalSection(SolutionProperties) = preSolution
		HideSolutionNode = FALSE
	EndGlobalSection
EndGlobal
